("quicklisp" .
 (:class qlot/source/dist:source-dist
  :initargs (:distribution "https://beta.quicklisp.org/dist/quicklisp.txt" :%version :latest)
  :version "2025-06-22"))
("cl-dbi-connection-pool" .
 (:class qlot/source/github:source-github
  :initargs (:repos "tamurashingo/cl-dbi-connection-pool" :ref nil :branch nil :tag nil)
  :version "github-e3e02a5d391978793de006e65d085aa48c8b673b"))
("getcmd" .
 (:class qlot/source/github:source-github
  :initargs (:repos "tamurashingo/getcmd" :ref nil :branch nil :tag nil)
  :version "github-e19023833aef57b3b0159259a02638859bfb849b"))
("clails" .
 (:class qlot/source/github:source-github
  :initargs (:repos "tamurashingo/clails" :ref nil :branch nil :tag nil)
  :version "github-403d92ae1f2418dbea86e51c0f15d7f2939efd12"))
